
Microsoft Visual Studio Solution File, Format Version 12.00
# Visual Studio Version 17
VisualStudioVersion = 17.6.33723.286
MinimumVisualStudioVersion = 10.0.40219.1
Project("{9A19103F-16F7-4668-BE54-9A1E7A4F7556}") = "TestTGBot_TW_Stock_Polling", "TestTGBot_TW_Stock_Polling\TestTGBot_TW_Stock_Polling.csproj", "{50EF6D65-CBA9-4E80-A963-225B2E867EF0}"
EndProject
Project("{9A19103F-16F7-4668-BE54-9A1E7A4F7556}") = "TGBot_TW_Stock_Polling", "TGBot_TW_Stock_Polling\TGBot_TW_Stock_Polling.csproj", "{D4452D12-ADE1-46D6-83E5-38EA38433997}"
EndProject
Global
	GlobalSection(SolutionConfigurationPlatforms) = preSolution
		Debug|Any CPU = Debug|Any CPU
		Release|Any CPU = Release|Any CPU
	EndGlobalSection
	GlobalSection(ProjectConfigurationPlatforms) = postSolution
		{50EF6D65-CBA9-4E80-A963-225B2E867EF0}.Debug|Any CPU.ActiveCfg = Debug|Any CPU
		{50EF6D65-CBA9-4E80-A963-225B2E867EF0}.Debug|Any CPU.Build.0 = Debug|Any CPU
		{50EF6D65-CBA9-4E80-A963-225B2E867EF0}.Release|Any CPU.ActiveCfg = Release|Any CPU
		{50EF6D65-CBA9-4E80-A963-225B2E867EF0}.Release|Any CPU.Build.0 = Release|Any CPU
		{D4452D12-ADE1-46D6-83E5-38EA38433997}.Debug|Any CPU.ActiveCfg = Debug|Any CPU
		{D4452D12-ADE1-46D6-83E5-38EA38433997}.Debug|Any CPU.Build.0 = Debug|Any CPU
		{D4452D12-ADE1-46D6-83E5-38EA38433997}.Release|Any CPU.ActiveCfg = Release|Any CPU
		{D4452D12-ADE1-46D6-83E5-38EA38433997}.Release|Any CPU.Build.0 = Release|Any CPU
	EndGlobalSection
	GlobalSection(SolutionProperties) = preSolution
		HideSolutionNode = FALSE
	EndGlobalSection
	GlobalSection(ExtensibilityGlobals) = postSolution
		SolutionGuid = {B44C46BF-1E31-4C1F-9348-A708993DC735}
	EndGlobalSection
EndGlobal
